
Microsoft Visual Studio Solution File, Format Version 12.00
# Visual Studio Version 16
VisualStudioVersion = 16.0.28803.352
MinimumVisualStudioVersion = 10.0.40219.1
Project("{9A19103F-16F7-4668-BE54-9A1E7A4F7556}") = "SeleniumAuthWithProxyExamples", "SeleniumAuthWithProxyExamples\SeleniumAuthWithProxyExamples.csproj", "{3616BD82-BBFC-44EA-BED1-26C950B892D4}"
EndProject
Project("{FAE04EC0-301F-11D3-BF4B-00C04F79EFBC}") = "TestWebApplication", "TestWebApplication\TestWebApplication.csproj", "{9B3EF1E3-FCDF-4EB3-BE8B-1556D8898270}"
EndProject
Global
	GlobalSection(SolutionConfigurationPlatforms) = preSolution
		Debug|Any CPU = Debug|Any CPU
		Release|Any CPU = Release|Any CPU
	EndGlobalSection
	GlobalSection(ProjectConfigurationPlatforms) = postSolution
		{3616BD82-BBFC-44EA-BED1-26C950B892D4}.Debug|Any CPU.ActiveCfg = Debug|Any CPU
		{3616BD82-BBFC-44EA-BED1-26C950B892D4}.Debug|Any CPU.Build.0 = Debug|Any CPU
		{3616BD82-BBFC-44EA-BED1-26C950B892D4}.Release|Any CPU.ActiveCfg = Release|Any CPU
		{3616BD82-BBFC-44EA-BED1-26C950B892D4}.Release|Any CPU.Build.0 = Release|Any CPU
		{9B3EF1E3-FCDF-4EB3-BE8B-1556D8898270}.Debug|Any CPU.ActiveCfg = Debug|Any CPU
		{9B3EF1E3-FCDF-4EB3-BE8B-1556D8898270}.Debug|Any CPU.Build.0 = Debug|Any CPU
		{9B3EF1E3-FCDF-4EB3-BE8B-1556D8898270}.Release|Any CPU.ActiveCfg = Release|Any CPU
		{9B3EF1E3-FCDF-4EB3-BE8B-1556D8898270}.Release|Any CPU.Build.0 = Release|Any CPU
	EndGlobalSection
	GlobalSection(SolutionProperties) = preSolution
		HideSolutionNode = FALSE
	EndGlobalSection
	GlobalSection(ExtensibilityGlobals) = postSolution
		SolutionGuid = {54DB2417-ED5A-40DB-A229-BF48C783C74A}
	EndGlobalSection
EndGlobal
